
Microsoft Visual Studio Solution File, Format Version 12.00
# Visual Studio Version 17
VisualStudioVersion = 17.0.31903.59
MinimumVisualStudioVersion = 10.0.40219.1
Project("{2150E333-8FDC-42A3-9474-1A3956D46DE8}") = "src", "src", "{39471703-D44B-4393-A2BB-E57ED087AD02}"
EndProject
Project("{FAE04EC0-301F-11D3-BF4B-00C04F79EFBC}") = "CUSTOM_PS2xOnline.App", "src\CUSTOM_PS2xOnline.App\CUSTOM_PS2xOnline.App.csproj", "{91583D7D-1467-428D-9FD3-11898289EE56}"
EndProject
Project("{FAE04EC0-301F-11D3-BF4B-00C04F79EFBC}") = "CUSTOM_PS2xOnline.Core", "src\CUSTOM_PS2xOnline.Core\CUSTOM_PS2xOnline.Core.csproj", "{C89FA0C5-3C0D-49C6-B2E3-F20ACA0564C1}"
EndProject
Project("{FAE04EC0-301F-11D3-BF4B-00C04F79EFBC}") = "CUSTOM_PS2xOnline.Infrastructure", "src\CUSTOM_PS2xOnline.Infrastructure\CUSTOM_PS2xOnline.Infrastructure.csproj", "{6A661AB1-BD89-48A2-AEA2-2033132CFBFB}"
EndProject
Project("{FAE04EC0-301F-11D3-BF4B-00C04F79EFBC}") = "CUSTOM_PS2xOnline.PCSX2", "src\CUSTOM_PS2xOnline.PCSX2\CUSTOM_PS2xOnline.PCSX2.csproj", "{C50B524C-0997-4E58-8C90-766BE830D79B}"
EndProject
Project("{FAE04EC0-301F-11D3-BF4B-00C04F79EFBC}") = "CUSTOM_PS2xOnline.Network", "src\CUSTOM_PS2xOnline.Network\CUSTOM_PS2xOnline.Network.csproj", "{E2EE38A7-17FE-4BE0-A62D-B1F54086ACE7}"
EndProject
Project("{FAE04EC0-301F-11D3-BF4B-00C04F79EFBC}") = "CUSTOM_PS2xOnline.Streaming", "src\CUSTOM_PS2xOnline.Streaming\CUSTOM_PS2xOnline.Streaming.csproj", "{E0E1E852-ED99-451A-A0A7-0A0F732531E5}"
EndProject
Project("{FAE04EC0-301F-11D3-BF4B-00C04F79EFBC}") = "CUSTOM_PS2xOnline.Controllers", "src\CUSTOM_PS2xOnline.Controllers\CUSTOM_PS2xOnline.Controllers.csproj", "{6C7DC728-19B8-44D1-A3F9-C53C1A30E632}"
EndProject
Project("{FAE04EC0-301F-11D3-BF4B-00C04F79EFBC}") = "CUSTOM_PS2xOnline.Updater", "src\CUSTOM_PS2xOnline.Updater\CUSTOM_PS2xOnline.Updater.csproj", "{7E0894CA-2A10-4C89-9EE8-D887455E1D72}"
EndProject
Project("{2150E333-8FDC-42A3-9474-1A3956D46DE8}") = "tests", "tests", "{2364436A-D0AE-4DEF-94FF-77F37A085536}"
EndProject
Project("{FAE04EC0-301F-11D3-BF4B-00C04F79EFBC}") = "CUSTOM_PS2xOnline.Tests", "tests\CUSTOM_PS2xOnline.Tests\CUSTOM_PS2xOnline.Tests.csproj", "{DD55D9F2-F0A1-4B8F-B03D-D1C6E3F64C79}"
EndProject
Global
	GlobalSection(SolutionConfigurationPlatforms) = preSolution
		Debug|Any CPU = Debug|Any CPU
		Release|Any CPU = Release|Any CPU
	EndGlobalSection
	GlobalSection(SolutionProperties) = preSolution
		HideSolutionNode = FALSE
	EndGlobalSection
	GlobalSection(ProjectConfigurationPlatforms) = postSolution
		{91583D7D-1467-428D-9FD3-11898289EE56}.Debug|Any CPU.ActiveCfg = Debug|Any CPU
		{91583D7D-1467-428D-9FD3-11898289EE56}.Debug|Any CPU.Build.0 = Debug|Any CPU
		{91583D7D-1467-428D-9FD3-11898289EE56}.Release|Any CPU.ActiveCfg = Release|Any CPU
		{91583D7D-1467-428D-9FD3-11898289EE56}.Release|Any CPU.Build.0 = Release|Any CPU
		{C89FA0C5-3C0D-49C6-B2E3-F20ACA0564C1}.Debug|Any CPU.ActiveCfg = Debug|Any CPU
		{C89FA0C5-3C0D-49C6-B2E3-F20ACA0564C1}.Debug|Any CPU.Build.0 = Debug|Any CPU
		{C89FA0C5-3C0D-49C6-B2E3-F20ACA0564C1}.Release|Any CPU.ActiveCfg = Release|Any CPU
		{C89FA0C5-3C0D-49C6-B2E3-F20ACA0564C1}.Release|Any CPU.Build.0 = Release|Any CPU
		{6A661AB1-BD89-48A2-AEA2-2033132CFBFB}.Debug|Any CPU.ActiveCfg = Debug|Any CPU
		{6A661AB1-BD89-48A2-AEA2-2033132CFBFB}.Debug|Any CPU.Build.0 = Debug|Any CPU
		{6A661AB1-BD89-48A2-AEA2-2033132CFBFB}.Release|Any CPU.ActiveCfg = Release|Any CPU
		{6A661AB1-BD89-48A2-AEA2-2033132CFBFB}.Release|Any CPU.Build.0 = Release|Any CPU
		{C50B524C-0997-4E58-8C90-766BE830D79B}.Debug|Any CPU.ActiveCfg = Debug|Any CPU
		{C50B524C-0997-4E58-8C90-766BE830D79B}.Debug|Any CPU.Build.0 = Debug|Any CPU
		{C50B524C-0997-4E58-8C90-766BE830D79B}.Release|Any CPU.ActiveCfg = Release|Any CPU
		{C50B524C-0997-4E58-8C90-766BE830D79B}.Release|Any CPU.Build.0 = Release|Any CPU
		{E2EE38A7-17FE-4BE0-A62D-B1F54086ACE7}.Debug|Any CPU.ActiveCfg = Debug|Any CPU
		{E2EE38A7-17FE-4BE0-A62D-B1F54086ACE7}.Debug|Any CPU.Build.0 = Debug|Any CPU
		{E2EE38A7-17FE-4BE0-A62D-B1F54086ACE7}.Release|Any CPU.ActiveCfg = Release|Any CPU
		{E2EE38A7-17FE-4BE0-A62D-B1F54086ACE7}.Release|Any CPU.Build.0 = Release|Any CPU
		{E0E1E852-ED99-451A-A0A7-0A0F732531E5}.Debug|Any CPU.ActiveCfg = Debug|Any CPU
		{E0E1E852-ED99-451A-A0A7-0A0F732531E5}.Debug|Any CPU.Build.0 = Debug|Any CPU
		{E0E1E852-ED99-451A-A0A7-0A0F732531E5}.Release|Any CPU.ActiveCfg = Release|Any CPU
		{E0E1E852-ED99-451A-A0A7-0A0F732531E5}.Release|Any CPU.Build.0 = Release|Any CPU
		{6C7DC728-19B8-44D1-A3F9-C53C1A30E632}.Debug|Any CPU.ActiveCfg = Debug|Any CPU
		{6C7DC728-19B8-44D1-A3F9-C53C1A30E632}.Debug|Any CPU.Build.0 = Debug|Any CPU
		{6C7DC728-19B8-44D1-A3F9-C53C1A30E632}.Release|Any CPU.ActiveCfg = Release|Any CPU
		{6C7DC728-19B8-44D1-A3F9-C53C1A30E632}.Release|Any CPU.Build.0 = Release|Any CPU
		{7E0894CA-2A10-4C89-9EE8-D887455E1D72}.Debug|Any CPU.ActiveCfg = Debug|Any CPU
		{7E0894CA-2A10-4C89-9EE8-D887455E1D72}.Debug|Any CPU.Build.0 = Debug|Any CPU
		{7E0894CA-2A10-4C89-9EE8-D887455E1D72}.Release|Any CPU.ActiveCfg = Release|Any CPU
		{7E0894CA-2A10-4C89-9EE8-D887455E1D72}.Release|Any CPU.Build.0 = Release|Any CPU
		{DD55D9F2-F0A1-4B8F-B03D-D1C6E3F64C79}.Debug|Any CPU.ActiveCfg = Debug|Any CPU
		{DD55D9F2-F0A1-4B8F-B03D-D1C6E3F64C79}.Debug|Any CPU.Build.0 = Debug|Any CPU
		{DD55D9F2-F0A1-4B8F-B03D-D1C6E3F64C79}.Release|Any CPU.ActiveCfg = Release|Any CPU
		{DD55D9F2-F0A1-4B8F-B03D-D1C6E3F64C79}.Release|Any CPU.Build.0 = Release|Any CPU
	EndGlobalSection
	GlobalSection(NestedProjects) = preSolution
		{91583D7D-1467-428D-9FD3-11898289EE56} = {39471703-D44B-4393-A2BB-E57ED087AD02}
		{C89FA0C5-3C0D-49C6-B2E3-F20ACA0564C1} = {39471703-D44B-4393-A2BB-E57ED087AD02}
		{6A661AB1-BD89-48A2-AEA2-2033132CFBFB} = {39471703-D44B-4393-A2BB-E57ED087AD02}
		{C50B524C-0997-4E58-8C90-766BE830D79B} = {39471703-D44B-4393-A2BB-E57ED087AD02}
		{E2EE38A7-17FE-4BE0-A62D-B1F54086ACE7} = {39471703-D44B-4393-A2BB-E57ED087AD02}
		{E0E1E852-ED99-451A-A0A7-0A0F732531E5} = {39471703-D44B-4393-A2BB-E57ED087AD02}
		{6C7DC728-19B8-44D1-A3F9-C53C1A30E632} = {39471703-D44B-4393-A2BB-E57ED087AD02}
		{7E0894CA-2A10-4C89-9EE8-D887455E1D72} = {39471703-D44B-4393-A2BB-E57ED087AD02}
		{DD55D9F2-F0A1-4B8F-B03D-D1C6E3F64C79} = {2364436A-D0AE-4DEF-94FF-77F37A085536}
	EndGlobalSection
EndGlobal
